{
  "name": "finanzas-personales-locales",
  "version": "1.0.0",
  "lockfileVersion": 3,
  "requires": true,
  "packages": {
    "": {
      "name": "finanzas-personales-locales",
      "version": "1.0.0",
      "dependencies": {
        "vite": "^7.0.0",
        "typescript": "^5.8.0",
        "react": "^19.0.0",
        "react-dom": "^19.0.0"
      },
      "devDependencies": {
        "@types/react": "^19.0.0",
        "@types/react-dom": "^19.0.0"
      }
    }
  }
}
